lockfileVersion: 5.4

specifiers:
  pixi-viewport: ^4.37.0
  pixi.js: ^7.0.4
  typescript: ^4.8.4
  vite: ^3.2.3

dependencies:
  pixi-viewport: 4.37.0
  pixi.js: 7.0.4

devDependencies:
  typescript: 4.8.4
  vite: 3.2.3

packages:

  /@esbuild/android-arm/0.15.13:
    resolution: {integrity: sha512-RY2fVI8O0iFUNvZirXaQ1vMvK0xhCcl0gqRj74Z6yEiO1zAUa7hbsdwZM1kzqbxHK7LFyMizipfXT3JME+12Hw==}
    engines: {node: '>=12'}
    cpu: [arm]
    os: [android]
    requiresBuild: true
    dev: true
    optional: true

  /@esbuild/linux-loong64/0.15.13:
    resolution: {integrity: sha512-+BoyIm4I8uJmH/QDIH0fu7MG0AEx9OXEDXnqptXCwKOlOqZiS4iraH1Nr7/ObLMokW3sOCeBNyD68ATcV9b9Ag==}
    engines: {node: '>=12'}
    cpu: [loong64]
    os: [linux]
    requiresBuild: true
    dev: true
    optional: true

  /@pixi/accessibility/7.0.4:
    resolution: {integrity: sha512-ExwRleeR1uWAOsbMg1bshh7OwYsnecIRpxdtkSYcxcCkk0ZNyjm6Z4WrQ3B170DpGMUy/5cZa6WnVok0a2OxMA==}
    dev: false

  /@pixi/app/7.0.4:
    resolution: {integrity: sha512-HXQHcLFNKm1d1IY0i2VigwgVxLO0ODS29TPhQv4m1q/w7FbgW2dWa0oDQS0ei0Bl/tlExd296YSrGfnbfw4Ypw==}
    dev: false

  /@pixi/assets/7.0.4:
    resolution: {integrity: sha512-SsF8oVY3FTBP5sy2KkrmYhlN3NNQSKdo+pttqWzuNA0bfl431q/6dytSYTWOHkKwhk5n+eAIZflQVuBht4X4aA==}
    dependencies:
      '@types/css-font-loading-module': 0.0.7
    dev: false

  /@pixi/compressed-textures/7.0.4:
    resolution: {integrity: sha512-N04PAsvRqGL1WhFmr3A+qCWAlJuJOxMr04w3eLY+gD9a5fQjB8XYgeeEOuz/hJ+qWRFhGwhYUo2F0MrQg5d24Q==}
    dev: false

  /@pixi/constants/7.0.4:
    resolution: {integrity: sha512-HS8fvDZ4jn7jeEPeYfrB0bPSLW6yfVWxQwXUX6BAQOhpEZXlPpa3uKwl+wxhVh+9OGXBvlMcbxZTPEDMdB6xJQ==}
    dev: false

  /@pixi/core/7.0.4:
    resolution: {integrity: sha512-tM0Cz8r9EFivBoGnYQ1043of9Qp4Usr7YQ0vK29rF2HInNannrTFO2F/tXBoClRsCJUw0Y2R8C4n06tAovGiWg==}
    dependencies:
      '@pixi/constants': 7.0.4
      '@pixi/extensions': 7.0.4
      '@pixi/math': 7.0.4
      '@pixi/runner': 7.0.4
      '@pixi/settings': 7.0.4
      '@pixi/ticker': 7.0.4
      '@pixi/utils': 7.0.4
      '@types/offscreencanvas': 2019.7.0
    dev: false

  /@pixi/display/7.0.4:
    resolution: {integrity: sha512-mYz1j+bIOqDdd3tR7/B6hhCgfY1fvkGsCcespW3y8i3dHBgcO/PFggmpy3Op4yx/b2f8w4HkCm8ssvwx585kxg==}
    dev: false

  /@pixi/events/7.0.4:
    resolution: {integrity: sha512-EQyEeo8ajsHgvDY9MqnI8V6D+/9cJDZZvjDAAMVeVs5W3aJ05LcWEXRRL9CnlwLld0qfuv2eFbeHznl0yMVXXg==}
    dev: false

  /@pixi/extensions/7.0.4:
    resolution: {integrity: sha512-NRwQ+R1nctH98u0h4mUTwYsqC72t7MakUPgJ8b51HslMAHerfqhymntX/E4f3pFuulSWAnsbR5sEVAee9b1XDw==}
    dev: false

  /@pixi/extract/7.0.4:
    resolution: {integrity: sha512-fchsSpkxHDQBKlQHwF0bVH69ZhI1Z+2rRoZn6ninAMU9QrliUSotrQDrq9Oh0kJAQUmBaQClnEM9IFDzIHwV2A==}
    dev: false

  /@pixi/filter-alpha/7.0.4:
    resolution: {integrity: sha512-IgBLVZQVryGVVAEvcrmj13VYnSBS57z6eRKi4QPjrpAzv1G4dP1nJSgT8HQjn18OF/UN7dfxt21Y3fsG7o+y/Q==}
    dev: false

  /@pixi/filter-blur/7.0.4:
    resolution: {integrity: sha512-zzgDN9ipooPNbLm3CbtqL+/rN92Gml0oOYWUDy7qulTlHDCXw8BRZ6RnWnY6KBZS3LzuSIGv0GLXYdeBGnY+6w==}
    dev: false

  /@pixi/filter-color-matrix/7.0.4:
    resolution: {integrity: sha512-ROT4QCTRnCm1AwE5zdU0PPK1vDrtJHNF3FSRJ+qEGgRVRoG4io6uh8AaM6PAqDpAODLp4TN45eU25Sg6Q4A/rQ==}
    dev: false

  /@pixi/filter-displacement/7.0.4:
    resolution: {integrity: sha512-tSX78DqsjdQQmpGAFBONcO40jx/Ia4FT1KxPAN2TTzhOxjNK9mbe/wlP01Sw2t3uiKj6xKLeQS80dyKMulhrUQ==}
    dev: false

  /@pixi/filter-fxaa/7.0.4:
    resolution: {integrity: sha512-wVdhDJgAbWQs+bEcZ26dNBApuDsyHqsrSkNhn4lVl7i3Hc1xm505w7aWWT/6rL9cR6S5W3ss/k6kSahbjmVBIg==}
    dev: false

  /@pixi/filter-noise/7.0.4:
    resolution: {integrity: sha512-UBsBaLFV0v5KGvcDCsaRyrNZXHirFLVdGgwPbeDpiJLvyPu1bTfoxeImu+c8okKivwbho2oomXIU374KFa/BvA==}
    dev: false

  /@pixi/graphics/7.0.4:
    resolution: {integrity: sha512-k6hnScltWw1dZf6C6/cyKBEUOaddd10AMon2fJbW5a903igirarncDZEg3mrMh0Tku7vIp4o6afZ7a+p0ocptQ==}
    dev: false

  /@pixi/math/7.0.4:
    resolution: {integrity: sha512-tk9PyqdNi9EB0fjpwVfR4ZPUpuy8UjBqOLwTGM3v4MpAPP6uYK76rZLPSsGpx3Pe7BldS1HDnBC4U6CbK/eebw==}
    dev: false

  /@pixi/mesh-extras/7.0.4:
    resolution: {integrity: sha512-nTvg5T5BM1BjKWg0XrO8gxSudPmPAXRLwSjqtNzgmeSsLFN8IN+TCrUq2pb9sbU8yUrT0xqXRfctyPW2lU69ow==}
    dev: false

  /@pixi/mesh/7.0.4:
    resolution: {integrity: sha512-DIlzG6hKppYl6OucxNNyEGSQHYCa+zPckMEcb9tIW/OkxALM2NyuFCz7lDocNgWHvicsCw3cUs+R12NGSpNsvA==}
    dev: false

  /@pixi/mixin-cache-as-bitmap/7.0.4:
    resolution: {integrity: sha512-ryNsgIQLWR2QkFAtiiCDvAySdZ6qwKGGGLqpVQ2/L0jN05oK8QgBjGYZWFasOe46Dk6cV0PEu8647blS2pkKHA==}
    dev: false

  /@pixi/mixin-get-child-by-name/7.0.4:
    resolution: {integrity: sha512-XSZXkeIaxOdDeAFQd3LaGdwzy6o6xqW2YgoCU5SXbuz2IlP6Vw8wjD+Zj2Ci/l54/yrm5+Z7er7/8JoPp0hSTg==}
    dev: false

  /@pixi/mixin-get-global-position/7.0.4:
    resolution: {integrity: sha512-qic8niPQpYr2yKmer6vJYmpCLIjhUl8gaYON7B2gLykyrG8KaAlnx9nP3l5oyWhJWuCGzoPebDg5VA67EOmBvA==}
    dev: false

  /@pixi/particle-container/7.0.4:
    resolution: {integrity: sha512-Njm8KUX5lCNhffc+pbNFXHZl0Lrl4QY9nctcLr3+I7yFe5O2M3jIEGnnBCKEP2L3FLKqD6YrfllYu3dIy3ts5Q==}
    dev: false

  /@pixi/prepare/7.0.4:
    resolution: {integrity: sha512-xgM1VNQZRYsrl5ZZw67ALhn+580GqI9UO99yhmM1T3tMsLmpzy78Zpl8jmKEOFFnEGe+9TPwKU9dJnJwFywtQg==}
    dev: false

  /@pixi/runner/7.0.4:
    resolution: {integrity: sha512-XHtK2FyVk8sg/Uuww0SFVDUMpv0M5sj7zmTLXxgvlDuaHKimDl1d52j2w/N7y4DU8BpyAFTH3VgyTrAMsZBydw==}
    dev: false

  /@pixi/settings/7.0.4:
    resolution: {integrity: sha512-aEg0BYVLWVXcyUIGhnV0Gsxb/6g9nTaciKEBXm4C/7G10HgEuIrO56P/ccTPl3xcL5g6z417DcntuiNNSQ29Qg==}
    dependencies:
      '@pixi/constants': 7.0.4
      '@types/css-font-loading-module': 0.0.7
    dev: false

  /@pixi/sprite-animated/7.0.4:
    resolution: {integrity: sha512-cDhIg6jSkl4+U7oRnqSkoSlQ8h7GuWRt12DNlm/pMOwN6r7DjrVkbQH9cBHB3k6dZxp0SwhrLxXwtk6XoeNRPA==}
    dev: false

  /@pixi/sprite-tiling/7.0.4:
    resolution: {integrity: sha512-3tzOjZr3fj7T/NfNRQP/fSaBrJvUh260rHdSlwANzc0DY8qNXprU2pEUO3YaIYWgp5ubq/Ls7XNwrWLPHZQraA==}
    dev: false

  /@pixi/sprite/7.0.4:
    resolution: {integrity: sha512-Bj6pswIKfHdk5q0G14cBZF8XXyf0zHgUxpp53rD2+tDKf4Xm2/Uoy5p0Z1RZD6IzaFp44pKA21LYOPJrNxc1MA==}
    dev: false

  /@pixi/spritesheet/7.0.4:
    resolution: {integrity: sha512-wWaymCrIXWVXq/tWc6mzHBs3iqiWULvApVQ/vbQTXU17O5tZFp36vmFewYVTMOJTWkRmDJg5VedPk1QmvQlL3g==}
    dev: false

  /@pixi/text-bitmap/7.0.4:
    resolution: {integrity: sha512-Oi4pwpw11uUz9Ah/5JuXMqYjTQ/5wawXYsi1H0eayrU+w0vv8WKqvOPWjRZhixNgEsVHbwPMjYpXCecqQfg6gA==}
    dev: false

  /@pixi/text/7.0.4:
    resolution: {integrity: sha512-CaAgUNbbZ38E4+Ze1lZ2j4vtq4lWoOFprreUc+M+vshRkoS6JgxGTBO+Z9dutQzPfYaZFL7M+Q2reX5l78RU4g==}
    dev: false

  /@pixi/ticker/7.0.4:
    resolution: {integrity: sha512-0d1KjkftfJvwaVIv4h3KHYWvdHmSHt9yHgczmp9NzH+9i9sRQbmb7IK/WxFORYFfYbYrPpMVDOkrxvEAUosunw==}
    dependencies:
      '@pixi/extensions': 7.0.4
      '@pixi/settings': 7.0.4
    dev: false

  /@pixi/utils/7.0.4:
    resolution: {integrity: sha512-fdPhfItjnwKgkb8l27zD4eCwGrSCa72kqYWEtwYayVNSh+l95krLQPZHrXR2HA7Rh97I8/4PUJBhIIcEaI962Q==}
    dependencies:
      '@pixi/constants': 7.0.4
      '@pixi/settings': 7.0.4
      '@types/earcut': 2.1.1
      earcut: 2.2.4
      eventemitter3: 4.0.7
      url: 0.11.0
    dev: false

  /@types/css-font-loading-module/0.0.7:
    resolution: {integrity: sha512-nl09VhutdjINdWyXxHWN/w9zlNCfr60JUqJbd24YXUuCwgeL0TpFSdElCwb6cxfB6ybE19Gjj4g0jsgkXxKv1Q==}
    dev: false

  /@types/earcut/2.1.1:
    resolution: {integrity: sha512-w8oigUCDjElRHRRrMvn/spybSMyX8MTkKA5Dv+tS1IE/TgmNZPqUYtvYBXGY8cieSE66gm+szeK+bnbxC2xHTQ==}
    dev: false

  /@types/offscreencanvas/2019.7.0:
    resolution: {integrity: sha512-PGcyveRIpL1XIqK8eBsmRBt76eFgtzuPiSTyKHZxnGemp2yzGzWpjYKAfK3wIMiU7eH+851yEpiuP8JZerTmWg==}
    dev: false

  /earcut/2.2.4:
    resolution: {integrity: sha512-/pjZsA1b4RPHbeWZQn66SWS8nZZWLQQ23oE3Eam7aroEFGEvwKAsJfZ9ytiEMycfzXWpca4FA9QIOehf7PocBQ==}
    dev: false

  /esbuild-android-64/0.15.13:
    resolution: {integrity: sha512-yRorukXBlokwTip+Sy4MYskLhJsO0Kn0/Fj43s1krVblfwP+hMD37a4Wmg139GEsMLl+vh8WXp2mq/cTA9J97g==}
    engines: {node: '>=12'}
    cpu: [x64]
    os: [android]
    requiresBuild: true
    dev: true
    optional: true

  /esbuild-android-arm64/0.15.13:
    resolution: {integrity: sha512-TKzyymLD6PiVeyYa4c5wdPw87BeAiTXNtK6amWUcXZxkV51gOk5u5qzmDaYSwiWeecSNHamFsaFjLoi32QR5/w==}
    engines: {node: '>=12'}
    cpu: [arm64]
    os: [android]
    requiresBuild: true
    dev: true
    optional: true

  /esbuild-darwin-64/0.15.13:
    resolution: {integrity: sha512-WAx7c2DaOS6CrRcoYCgXgkXDliLnFv3pQLV6GeW1YcGEZq2Gnl8s9Pg7ahValZkpOa0iE/ojRVQ87sbUhF1Cbg==}
    engines: {node: '>=12'}
    cpu: [x64]
    os: [darwin]
    requiresBuild: true
    dev: true
    optional: true

  /esbuild-darwin-arm64/0.15.13:
    resolution: {integrity: sha512-U6jFsPfSSxC3V1CLiQqwvDuj3GGrtQNB3P3nNC3+q99EKf94UGpsG9l4CQ83zBs1NHrk1rtCSYT0+KfK5LsD8A==}
    engines: {node: '>=12'}
    cpu: [arm64]
    os: [darwin]
    requiresBuild: true
    dev: true
    optional: true

  /esbuild-freebsd-64/0.15.13:
    resolution: {integrity: sha512-whItJgDiOXaDG/idy75qqevIpZjnReZkMGCgQaBWZuKHoElDJC1rh7MpoUgupMcdfOd+PgdEwNQW9DAE6i8wyA==}
    engines: {node: '>=12'}
    cpu: [x64]
    os: [freebsd]
    requiresBuild: true
    dev: true
    optional: true

  /esbuild-freebsd-arm64/0.15.13:
    resolution: {integrity: sha512-6pCSWt8mLUbPtygv7cufV0sZLeylaMwS5Fznj6Rsx9G2AJJsAjQ9ifA+0rQEIg7DwJmi9it+WjzNTEAzzdoM3Q==}
    engines: {node: '>=12'}
    cpu: [arm64]
    os: [freebsd]
    requiresBuild: true
    dev: true
    optional: true

  /esbuild-linux-32/0.15.13:
    resolution: {integrity: sha512-VbZdWOEdrJiYApm2kkxoTOgsoCO1krBZ3quHdYk3g3ivWaMwNIVPIfEE0f0XQQ0u5pJtBsnk2/7OPiCFIPOe/w==}
    engines: {node: '>=12'}
    cpu: [ia32]
    os: [linux]
    requiresBuild: true
    dev: true
    optional: true

  /esbuild-linux-64/0.15.13:
    resolution: {integrity: sha512-rXmnArVNio6yANSqDQlIO4WiP+Cv7+9EuAHNnag7rByAqFVuRusLbGi2697A5dFPNXoO//IiogVwi3AdcfPC6A==}
    engines: {node: '>=12'}
    cpu: [x64]
    os: [linux]
    requiresBuild: true
    dev: true
    optional: true

  /esbuild-linux-arm/0.15.13:
    resolution: {integrity: sha512-Ac6LpfmJO8WhCMQmO253xX2IU2B3wPDbl4IvR0hnqcPrdfCaUa2j/lLMGTjmQ4W5JsJIdHEdW12dG8lFS0MbxQ==}
    engines: {node: '>=12'}
    cpu: [arm]
    os: [linux]
    requiresBuild: true
    dev: true
    optional: true

  /esbuild-linux-arm64/0.15.13:
    resolution: {integrity: sha512-alEMGU4Z+d17U7KQQw2IV8tQycO6T+rOrgW8OS22Ua25x6kHxoG6Ngry6Aq6uranC+pNWNMB6aHFPh7aTQdORQ==}
    engines: {node: '>=12'}
    cpu: [arm64]
    os: [linux]
    requiresBuild: true
    dev: true
    optional: true

  /esbuild-linux-mips64le/0.15.13:
    resolution: {integrity: sha512-47PgmyYEu+yN5rD/MbwS6DxP2FSGPo4Uxg5LwIdxTiyGC2XKwHhHyW7YYEDlSuXLQXEdTO7mYe8zQ74czP7W8A==}
    engines: {node: '>=12'}
    cpu: [mips64el]
    os: [linux]
    requiresBuild: true
    dev: true
    optional: true

  /esbuild-linux-ppc64le/0.15.13:
    resolution: {integrity: sha512-z6n28h2+PC1Ayle9DjKoBRcx/4cxHoOa2e689e2aDJSaKug3jXcQw7mM+GLg+9ydYoNzj8QxNL8ihOv/OnezhA==}
    engines: {node: '>=12'}
    cpu: [ppc64]
    os: [linux]
    requiresBuild: true
    dev: true
    optional: true

  /esbuild-linux-riscv64/0.15.13:
    resolution: {integrity: sha512-+Lu4zuuXuQhgLUGyZloWCqTslcCAjMZH1k3Xc9MSEJEpEFdpsSU0sRDXAnk18FKOfEjhu4YMGaykx9xjtpA6ow==}
    engines: {node: '>=12'}
    cpu: [riscv64]
    os: [linux]
    requiresBuild: true
    dev: true
    optional: true

  /esbuild-linux-s390x/0.15.13:
    resolution: {integrity: sha512-BMeXRljruf7J0TMxD5CIXS65y7puiZkAh+s4XFV9qy16SxOuMhxhVIXYLnbdfLrsYGFzx7U9mcdpFWkkvy/Uag==}
    engines: {node: '>=12'}
    cpu: [s390x]
    os: [linux]
    requiresBuild: true
    dev: true
    optional: true

  /esbuild-netbsd-64/0.15.13:
    resolution: {integrity: sha512-EHj9QZOTel581JPj7UO3xYbltFTYnHy+SIqJVq6yd3KkCrsHRbapiPb0Lx3EOOtybBEE9EyqbmfW1NlSDsSzvQ==}
    engines: {node: '>=12'}
    cpu: [x64]
    os: [netbsd]
    requiresBuild: true
    dev: true
    optional: true

  /esbuild-openbsd-64/0.15.13:
    resolution: {integrity: sha512-nkuDlIjF/sfUhfx8SKq0+U+Fgx5K9JcPq1mUodnxI0x4kBdCv46rOGWbuJ6eof2n3wdoCLccOoJAbg9ba/bT2w==}
    engines: {node: '>=12'}
    cpu: [x64]
    os: [openbsd]
    requiresBuild: true
    dev: true
    optional: true

  /esbuild-sunos-64/0.15.13:
    resolution: {integrity: sha512-jVeu2GfxZQ++6lRdY43CS0Tm/r4WuQQ0Pdsrxbw+aOrHQPHV0+LNOLnvbN28M7BSUGnJnHkHm2HozGgNGyeIRw==}
    engines: {node: '>=12'}
    cpu: [x64]
    os: [sunos]
    requiresBuild: true
    dev: true
    optional: true

  /esbuild-windows-32/0.15.13:
    resolution: {integrity: sha512-XoF2iBf0wnqo16SDq+aDGi/+QbaLFpkiRarPVssMh9KYbFNCqPLlGAWwDvxEVz+ywX6Si37J2AKm+AXq1kC0JA==}
    engines: {node: '>=12'}
    cpu: [ia32]
    os: [win32]
    requiresBuild: true
    dev: true
    optional: true

  /esbuild-windows-64/0.15.13:
    resolution: {integrity: sha512-Et6htEfGycjDrtqb2ng6nT+baesZPYQIW+HUEHK4D1ncggNrDNk3yoboYQ5KtiVrw/JaDMNttz8rrPubV/fvPQ==}
    engines: {node: '>=12'}
    cpu: [x64]
    os: [win32]
    requiresBuild: true
    dev: true
    optional: true

  /esbuild-windows-arm64/0.15.13:
    resolution: {integrity: sha512-3bv7tqntThQC9SWLRouMDmZnlOukBhOCTlkzNqzGCmrkCJI7io5LLjwJBOVY6kOUlIvdxbooNZwjtBvj+7uuVg==}
    engines: {node: '>=12'}
    cpu: [arm64]
    os: [win32]
    requiresBuild: true
    dev: true
    optional: true

  /esbuild/0.15.13:
    resolution: {integrity: sha512-Cu3SC84oyzzhrK/YyN4iEVy2jZu5t2fz66HEOShHURcjSkOSAVL8C/gfUT+lDJxkVHpg8GZ10DD0rMHRPqMFaQ==}
    engines: {node: '>=12'}
    hasBin: true
    requiresBuild: true
    optionalDependencies:
      '@esbuild/android-arm': 0.15.13
      '@esbuild/linux-loong64': 0.15.13
      esbuild-android-64: 0.15.13
      esbuild-android-arm64: 0.15.13
      esbuild-darwin-64: 0.15.13
      esbuild-darwin-arm64: 0.15.13
      esbuild-freebsd-64: 0.15.13
      esbuild-freebsd-arm64: 0.15.13
      esbuild-linux-32: 0.15.13
      esbuild-linux-64: 0.15.13
      esbuild-linux-arm: 0.15.13
      esbuild-linux-arm64: 0.15.13
      esbuild-linux-mips64le: 0.15.13
      esbuild-linux-ppc64le: 0.15.13
      esbuild-linux-riscv64: 0.15.13
      esbuild-linux-s390x: 0.15.13
      esbuild-netbsd-64: 0.15.13
      esbuild-openbsd-64: 0.15.13
      esbuild-sunos-64: 0.15.13
      esbuild-windows-32: 0.15.13
      esbuild-windows-64: 0.15.13
      esbuild-windows-arm64: 0.15.13
    dev: true

  /eventemitter3/4.0.7:
    resolution: {integrity: sha512-8guHBZCwKnFhYdHr2ysuRWErTwhoN2X8XELRlrRwpmfeY2jjuUN4taQMsULKUVo1K4DvZl+0pgfyoysHxvmvEw==}
    dev: false

  /fsevents/2.3.2:
    resolution: {integrity: sha512-xiqMQR4xAeHTuB9uWm+fFRcIOgKBMiOBP+eXiyT7jsgVCq1bkVygt00oASowB7EdtpOHaaPgKt812P9ab+DDKA==}
    engines: {node: ^8.16.0 || ^10.6.0 || >=11.0.0}
    os: [darwin]
    requiresBuild: true
    dev: true
    optional: true

  /function-bind/1.1.1:
    resolution: {integrity: sha512-yIovAzMX49sF8Yl58fSCWJ5svSLuaibPxXQJFLmBObTuCr0Mf1KiPopGM9NiFjiYBCbfaa2Fh6breQ6ANVTI0A==}
    dev: true

  /has/1.0.3:
    resolution: {integrity: sha512-f2dvO0VU6Oej7RkWJGrehjbzMAjFp5/VKPp5tTpWIV4JHHZK1/BxbFRtf/siA2SWTe09caDmVtYYzWEIbBS4zw==}
    engines: {node: '>= 0.4.0'}
    dependencies:
      function-bind: 1.1.1
    dev: true

  /is-core-module/2.11.0:
    resolution: {integrity: sha512-RRjxlvLDkD1YJwDbroBHMb+cukurkDWNyHx7D3oNB5x9rb5ogcksMC5wHCadcXoo67gVr/+3GFySh3134zi6rw==}
    dependencies:
      has: 1.0.3
    dev: true

  /nanoid/3.3.4:
    resolution: {integrity: sha512-MqBkQh/OHTS2egovRtLk45wEyNXwF+cokD+1YPf9u5VfJiRdAiRwB2froX5Co9Rh20xs4siNPm8naNotSD6RBw==}
    engines: {node: ^10 || ^12 || ^13.7 || ^14 || >=15.0.1}
    hasBin: true
    dev: true

  /path-parse/1.0.7:
    resolution: {integrity: sha512-LDJzPVEEEPR+y48z93A0Ed0yXb8pAByGWo/k5YYdYgpY2/2EsOsksJrq7lOHxryrVOn1ejG6oAp8ahvOIQD8sw==}
    dev: true

  /picocolors/1.0.0:
    resolution: {integrity: sha512-1fygroTLlHu66zi26VoTDv8yRgm0Fccecssto+MhsZ0D/DGW2sm8E8AjW7NU5VVTRt5GxbeZ5qBuJr+HyLYkjQ==}
    dev: true

  /pixi-viewport/4.37.0:
    resolution: {integrity: sha512-bF22o1WbWeQ3TTHnxh5MYPzjXiKAG2ezAV6rm1oaEbA66hZAAU6lCs7BgwmEBiZKgHNGko1bIJQUSe7cXWJVCw==}
    peerDependencies:
      '@pixi/display': ^6.5.7
      '@pixi/interaction': ^6.5.7
      '@pixi/math': ^6.5.7
      '@pixi/ticker': ^6.5.7
    dev: false

  /pixi.js/7.0.4:
    resolution: {integrity: sha512-5j9AVVNjPfuUK7HDvkoOGbMwZiQvBZORLpjR3Rl+hr88unXs92/Ud4e2Px7pnSDQfxHiGzKwbiMFuvTL94Yk6g==}
    dependencies:
      '@pixi/accessibility': 7.0.4
      '@pixi/app': 7.0.4
      '@pixi/assets': 7.0.4
      '@pixi/compressed-textures': 7.0.4
      '@pixi/core': 7.0.4
      '@pixi/display': 7.0.4
      '@pixi/events': 7.0.4
      '@pixi/extensions': 7.0.4
      '@pixi/extract': 7.0.4
      '@pixi/filter-alpha': 7.0.4
      '@pixi/filter-blur': 7.0.4
      '@pixi/filter-color-matrix': 7.0.4
      '@pixi/filter-displacement': 7.0.4
      '@pixi/filter-fxaa': 7.0.4
      '@pixi/filter-noise': 7.0.4
      '@pixi/graphics': 7.0.4
      '@pixi/mesh': 7.0.4
      '@pixi/mesh-extras': 7.0.4
      '@pixi/mixin-cache-as-bitmap': 7.0.4
      '@pixi/mixin-get-child-by-name': 7.0.4
      '@pixi/mixin-get-global-position': 7.0.4
      '@pixi/particle-container': 7.0.4
      '@pixi/prepare': 7.0.4
      '@pixi/sprite': 7.0.4
      '@pixi/sprite-animated': 7.0.4
      '@pixi/sprite-tiling': 7.0.4
      '@pixi/spritesheet': 7.0.4
      '@pixi/text': 7.0.4
      '@pixi/text-bitmap': 7.0.4
    dev: false

  /postcss/8.4.19:
    resolution: {integrity: sha512-h+pbPsyhlYj6N2ozBmHhHrs9DzGmbaarbLvWipMRO7RLS+v4onj26MPFXA5OBYFxyqYhUJK456SwDcY9H2/zsA==}
    engines: {node: ^10 || ^12 || >=14}
    dependencies:
      nanoid: 3.3.4
      picocolors: 1.0.0
      source-map-js: 1.0.2
    dev: true

  /punycode/1.3.2:
    resolution: {integrity: sha512-RofWgt/7fL5wP1Y7fxE7/EmTLzQVnB0ycyibJ0OOHIlJqTNzglYFxVwETOcIoJqJmpDXJ9xImDv+Fq34F/d4Dw==}
    dev: false

  /querystring/0.2.0:
    resolution: {integrity: sha512-X/xY82scca2tau62i9mDyU9K+I+djTMUsvwf7xnUX5GLvVzgJybOJf4Y6o9Zx3oJK/LSXg5tTZBjwzqVPaPO2g==}
    engines: {node: '>=0.4.x'}
    deprecated: The querystring API is considered Legacy. new code should use the URLSearchParams API instead.
    dev: false

  /resolve/1.22.1:
    resolution: {integrity: sha512-nBpuuYuY5jFsli/JIs1oldw6fOQCBioohqWZg/2hiaOybXOft4lonv85uDOKXdf8rhyK159cxU5cDcK/NKk8zw==}
    hasBin: true
    dependencies:
      is-core-module: 2.11.0
      path-parse: 1.0.7
      supports-preserve-symlinks-flag: 1.0.0
    dev: true

  /rollup/2.79.1:
    resolution: {integrity: sha512-uKxbd0IhMZOhjAiD5oAFp7BqvkA4Dv47qpOCtaNvng4HBwdbWtdOh8f5nZNuk2rp51PMGk3bzfWu5oayNEuYnw==}
    engines: {node: '>=10.0.0'}
    hasBin: true
    optionalDependencies:
      fsevents: 2.3.2
    dev: true

  /source-map-js/1.0.2:
    resolution: {integrity: sha512-R0XvVJ9WusLiqTCEiGCmICCMplcCkIwwR11mOSD9CR5u+IXYdiseeEuXCVAjS54zqwkLcPNnmU4OeJ6tUrWhDw==}
    engines: {node: '>=0.10.0'}
    dev: true

  /supports-preserve-symlinks-flag/1.0.0:
    resolution: {integrity: sha512-ot0WnXS9fgdkgIcePe6RHNk1WA8+muPa6cSjeR3V8K27q9BB1rTE3R1p7Hv0z1ZyAc8s6Vvv8DIyWf681MAt0w==}
    engines: {node: '>= 0.4'}
    dev: true

  /typescript/4.8.4:
    resolution: {integrity: sha512-QCh+85mCy+h0IGff8r5XWzOVSbBO+KfeYrMQh7NJ58QujwcE22u+NUSmUxqF+un70P9GXKxa2HCNiTTMJknyjQ==}
    engines: {node: '>=4.2.0'}
    hasBin: true
    dev: true

  /url/0.11.0:
    resolution: {integrity: sha512-kbailJa29QrtXnxgq+DdCEGlbTeYM2eJUxsz6vjZavrCYPMIFHMKQmSKYAIuUK2i7hgPm28a8piX5NTUtM/LKQ==}
    dependencies:
      punycode: 1.3.2
      querystring: 0.2.0
    dev: false

  /vite/3.2.3:
    resolution: {integrity: sha512-h8jl1TZ76eGs3o2dIBSsvXDLb1m/Ec1iej8ZMdz+PsaFUsftZeWe2CZOI3qogEsMNaywc17gu0q6cQDzh/weCQ==}
    engines: {node: ^14.18.0 || >=16.0.0}
    hasBin: true
    peerDependencies:
      '@types/node': '>= 14'
      less: '*'
      sass: '*'
      stylus: '*'
      sugarss: '*'
      terser: ^5.4.0
    peerDependenciesMeta:
      '@types/node':
        optional: true
      less:
        optional: true
      sass:
        optional: true
      stylus:
        optional: true
      sugarss:
        optional: true
      terser:
        optional: true
    dependencies:
      esbuild: 0.15.13
      postcss: 8.4.19
      resolve: 1.22.1
      rollup: 2.79.1
    optionalDependencies:
      fsevents: 2.3.2
    dev: true
