lockfileVersion: 5.4

specifiers:
  pixi-viewport: ^4.37.0
  pixi.js: ^7.0.3
  typescript: ^4.8.4
  vite: ^3.2.3

dependencies:
  pixi-viewport: 4.37.0
  pixi.js: 7.0.3

devDependencies:
  typescript: 4.8.4
  vite: 3.2.3

packages:

  /@esbuild/android-arm/0.15.13:
    resolution: {integrity: sha512-RY2fVI8O0iFUNvZirXaQ1vMvK0xhCcl0gqRj74Z6yEiO1zAUa7hbsdwZM1kzqbxHK7LFyMizipfXT3JME+12Hw==}
    engines: {node: '>=12'}
    cpu: [arm]
    os: [android]
    requiresBuild: true
    dev: true
    optional: true

  /@esbuild/linux-loong64/0.15.13:
    resolution: {integrity: sha512-+BoyIm4I8uJmH/QDIH0fu7MG0AEx9OXEDXnqptXCwKOlOqZiS4iraH1Nr7/ObLMokW3sOCeBNyD68ATcV9b9Ag==}
    engines: {node: '>=12'}
    cpu: [loong64]
    os: [linux]
    requiresBuild: true
    dev: true
    optional: true

  /@pixi/accessibility/7.0.3:
    resolution: {integrity: sha512-Fjs/LVGlYyom14WCd4x+e3W6+qGH4PWJkOHT8Qao+uFaOxdtK20D7MN1E6PESBGWhGlfOy+K9pRTnUdcEe+YOw==}
    dev: false

  /@pixi/app/7.0.3:
    resolution: {integrity: sha512-T600Nc0iKbx/Fx2jJ00gZy/nzcP/bqs3P47Kf6Sa9pZyRwO1rljUrvqqSnfpMwXqomnoE7Nb0ptk64CQrv8qUA==}
    dev: false

  /@pixi/assets/7.0.3:
    resolution: {integrity: sha512-oLVqe3jCBa74X8wLEewuGFSirt2KJCoFgGSgXSNcWEKYWXHp+CL26K+Vb03uNGFAHL5B7KiUMibMemhjcUzgYg==}
    dependencies:
      '@types/css-font-loading-module': 0.0.7
    dev: false

  /@pixi/compressed-textures/7.0.3:
    resolution: {integrity: sha512-YITpRXY7dGBwQotN68+m3TmBJgsVxojWugrZWAsw1JUQorLfjSh9UCLmYngx9SRr0B4A6AnDQyA4jMaVCK7DHQ==}
    dev: false

  /@pixi/constants/7.0.3:
    resolution: {integrity: sha512-xHehKxsfWF5ee1Dq+r4OeJefkuF6V4oSd1zZ7oh/7OnqhUgqjHwzpfCjw0urCOdXxKa95viV/+dwPMCP1SRiaA==}
    dev: false

  /@pixi/core/7.0.3:
    resolution: {integrity: sha512-9zr3JLqd3rcjFzMB4ArKsWBxtwyuslvrhwIL4H2taMKAXLzbWF9EWVeafMcrq6QkU1jhiRm0l7gQVbYeii/cEA==}
    dependencies:
      '@pixi/constants': 7.0.3
      '@pixi/extensions': 7.0.3
      '@pixi/math': 7.0.3
      '@pixi/runner': 7.0.3
      '@pixi/settings': 7.0.3
      '@pixi/ticker': 7.0.3
      '@pixi/utils': 7.0.3
      '@types/offscreencanvas': 2019.7.0
    dev: false

  /@pixi/display/7.0.3:
    resolution: {integrity: sha512-9cIRcVlZbOQw6ScKkmqr3EARTyi7lRosmBiznqweojbOpbq2Cp7jbKAxy84xzsO9hOUXqUtw9tnNZCj+rJsdSQ==}
    dev: false

  /@pixi/events/7.0.3:
    resolution: {integrity: sha512-JZ9Jw3wONVd19FeqIIka2PmbTctjgVqjTXUqYnj9rSaM5ZcajUQUWgnQyfShPc+kGHqXxxaGlzVMOa9OQlgd1A==}
    dev: false

  /@pixi/extensions/7.0.3:
    resolution: {integrity: sha512-lOR7BmR02d1Qu3O93ylkXiFEtjFSeJfJ/G5KFOY6NYeUIGwJzI3pqI3HnZ42gofwEamDZdwZZYNT011lxtpMZA==}
    dev: false

  /@pixi/extract/7.0.3:
    resolution: {integrity: sha512-OpVpC9M0QpIDEikJnRMj4gsUDocywOCoYBNmJ1av9JrKfphPyy9z42mID527jY7r1m+SqxJ/jZW5tUdqxGPtlg==}
    dev: false

  /@pixi/filter-alpha/7.0.3:
    resolution: {integrity: sha512-T79yqaaO+UbK92ANaGIwjt5bQBGGGak36F7jbntdHp55LMzN45PXcausT5DMv6nJziWnNp5c49pDIvT7K4gYOQ==}
    dev: false

  /@pixi/filter-blur/7.0.3:
    resolution: {integrity: sha512-7c9/b4gTfrKmXhM5R5jPZTkMWYoVgDVFxxxGHS54q/lN3BtmzhJUIDaONWgSSmdvfXAGyhgaY1poM1ZWxWciag==}
    dev: false

  /@pixi/filter-color-matrix/7.0.3:
    resolution: {integrity: sha512-zq+9kk6Wb0HuIbL84FuUQRjtJW7kgbv8BLPFVHC3KHb6escrr7GG1U9qBEAr8lGuT8Kqd7fP8V8Kb1vbjtrcuw==}
    dev: false

  /@pixi/filter-displacement/7.0.3:
    resolution: {integrity: sha512-DvholUABdpiuDVYJTFKEcSeaWJi0LkoxXNvFsRzaqw1Wpf2hGiLy7ByN2inXs4O+4pma6+uhW1dPYuixMh0kfQ==}
    dev: false

  /@pixi/filter-fxaa/7.0.3:
    resolution: {integrity: sha512-UUeNJ1vTwSMVjkPxZGAr4IwmaI9+qUNbCR2eiwhYgzoDKBNY4RvEZtNmt3uDKfvMERc/w/CBADRTGscAFH6h8w==}
    dev: false

  /@pixi/filter-noise/7.0.3:
    resolution: {integrity: sha512-JIBQIwYo9yMsILxMEuqyfByXaANX9XSMHnPEr+vc5mdEDUWXhKwlpbSNoxjgPKd0x4ar+t7To/sLIm+o1lpNzA==}
    dev: false

  /@pixi/graphics/7.0.3:
    resolution: {integrity: sha512-jN9EfV/6AHPu71NvQ3emBiM9cPUr3aZEoWKM4z6STdKL2L0XX4ag1S3z7VrVUPEF593thRK/W1QGgJX2po7jxg==}
    dev: false

  /@pixi/math/7.0.3:
    resolution: {integrity: sha512-Bgw9bLOV8fO0Z6QdSuTTclJkf9wQ1HxYlH3o53DvpiND18s/22sbZG73nPDoW4bkfpImrIOtQflaqse7ZGDZhQ==}
    dev: false

  /@pixi/mesh-extras/7.0.3:
    resolution: {integrity: sha512-ZGPE/HbjjBiYOgi/eCmiEMm4UHwy2cj6r3yqZp9SkWzOhOLUfssMbQHnZh6NDyPHkQGCahyIZcolADOt1ni66A==}
    dev: false

  /@pixi/mesh/7.0.3:
    resolution: {integrity: sha512-HjhBwHrbU7HKidzgjs3O/fwzP+yZqYzZSUv/zW9jHiRlGGLSmoecqwP5dAhYPBW4ZGiHg8ePWnnZzmPJ+cFA8A==}
    dev: false

  /@pixi/mixin-cache-as-bitmap/7.0.3:
    resolution: {integrity: sha512-v0Ko9FTaFjLFe1cuXATxU+zMT2cjEZum4C2dYlpr5AteOBgd8W/2MaBY66JF+B3DMn5nmngaEEDGRREVguE6JQ==}
    dev: false

  /@pixi/mixin-get-child-by-name/7.0.3:
    resolution: {integrity: sha512-HWLNBATxOTFu5EZVSc5pnwZSk8qmm0aUq09HVnyviRvgpEKZqpwHPHoC7+k0kmUYMhV5Qv3cYejj6X6cBX8c0g==}
    dev: false

  /@pixi/mixin-get-global-position/7.0.3:
    resolution: {integrity: sha512-fy6bOwLEVUagsPBqvpNHdfLIv7/pNai0Kbooogde2usM2I3/Jc3dNCqW4rZzjNu4gG6IocN340TQzm3D9rCCxA==}
    dev: false

  /@pixi/particle-container/7.0.3:
    resolution: {integrity: sha512-ASRbpbL91SOsiURGAG63ye17es4ICWQoN3z7ATb6rPkomAbVKGLs0qXm0dgqgYpyGfvo1CWdkdoF0aSDykXWGg==}
    dev: false

  /@pixi/prepare/7.0.3:
    resolution: {integrity: sha512-DhJO4Zy/DOKHH9FVW4B92mL2ZINrjBmgskqX6KLoqyOvdZ5ykUf0e7D1KJkszyH2K2mpF8eW+yDp/I4ps0p0vg==}
    dev: false

  /@pixi/runner/7.0.3:
    resolution: {integrity: sha512-2IQduCKLXasHXEF8maRPzJe3p7QAREpoKlmfOHBYJum2iMZU2Od8y6APEuUit+4coVeA0zeEhOqkfzOH3dOe4w==}
    dev: false

  /@pixi/settings/7.0.3:
    resolution: {integrity: sha512-Ml2fOvjbkil7ujY4FiIfjsNi6AHuLFhMwozTCXa2wBUiT3WTDHhuIGv8prG52+i7cGJgEnKzVzyiFb3v9eQYCw==}
    dependencies:
      '@pixi/constants': 7.0.3
      '@types/css-font-loading-module': 0.0.7
    dev: false

  /@pixi/sprite-animated/7.0.3:
    resolution: {integrity: sha512-wpY/GDxPCybCynu2KlcB2op0IYP3Wr3V54XsmTBnzMt0afSUq+zJAUBVATih83cG3lXUYyEINDEpqgKGpnZpaw==}
    dev: false

  /@pixi/sprite-tiling/7.0.3:
    resolution: {integrity: sha512-LB+vn81hnnTeGXVSHoVcBFrJCK0lBAqKN0r1fD1WHvuzeK/XByF6GfX0zJ4TyPMDS5BTckpbkPnRzmdxREzfdA==}
    dev: false

  /@pixi/sprite/7.0.3:
    resolution: {integrity: sha512-wPmlf6KwXOkd8tpFm9s2FQel8WRZ4uNv9jBzgKQAUyIlo6OLkq/33eBLYzoci7H10j8J92z2M79pIzl2FdR8ig==}
    dev: false

  /@pixi/spritesheet/7.0.3:
    resolution: {integrity: sha512-cSb0atYlNC6BWxsSOYR/Nuu06pKnG0TqPVy5Wo5E/m0jf3qND/TFQ4oozs2JFQWv7G0lxj4oQCsFX+11SMhItg==}
    dev: false

  /@pixi/text-bitmap/7.0.3:
    resolution: {integrity: sha512-vVf7ZwDxewYwqwoJqlLo1e/D2aIJ5a4rDJRUdvsmNvLvgO018szd1vDe9FOXLD5mzjK/iKGNMtfzH7pH2ZRr5w==}
    dev: false

  /@pixi/text/7.0.3:
    resolution: {integrity: sha512-CUpaB4HOV5JU+ptj+vdceagjbtZJQjUDkX91CGr/jhJN9EVuTUXNoc0CB6GJoYrFL9FqUiknXYj/bzGf/WUI8w==}
    dev: false

  /@pixi/ticker/7.0.3:
    resolution: {integrity: sha512-CAJq3d061VuTFOdRb81g74P6eUAtR8gJyodhgkPbe27OyBvTdLWi/6txSkmSWEJy5PlOQotOSr3FfUeR0pEl+Q==}
    dependencies:
      '@pixi/extensions': 7.0.3
      '@pixi/settings': 7.0.3
    dev: false

  /@pixi/utils/7.0.3:
    resolution: {integrity: sha512-WZLgME0h7CfeCUOBwrEyK4LboEQ8ySmsdeD4cYphhZAQ0/vMlfEPRrCyrOrjsayZCB34syug5oItFtUMt65wRQ==}
    dependencies:
      '@pixi/constants': 7.0.3
      '@pixi/settings': 7.0.3
      '@types/earcut': 2.1.1
      earcut: 2.2.4
      eventemitter3: 4.0.7
      url: 0.11.0
    dev: false

  /@types/css-font-loading-module/0.0.7:
    resolution: {integrity: sha512-nl09VhutdjINdWyXxHWN/w9zlNCfr60JUqJbd24YXUuCwgeL0TpFSdElCwb6cxfB6ybE19Gjj4g0jsgkXxKv1Q==}
    dev: false

  /@types/earcut/2.1.1:
    resolution: {integrity: sha512-w8oigUCDjElRHRRrMvn/spybSMyX8MTkKA5Dv+tS1IE/TgmNZPqUYtvYBXGY8cieSE66gm+szeK+bnbxC2xHTQ==}
    dev: false

  /@types/offscreencanvas/2019.7.0:
    resolution: {integrity: sha512-PGcyveRIpL1XIqK8eBsmRBt76eFgtzuPiSTyKHZxnGemp2yzGzWpjYKAfK3wIMiU7eH+851yEpiuP8JZerTmWg==}
    dev: false

  /earcut/2.2.4:
    resolution: {integrity: sha512-/pjZsA1b4RPHbeWZQn66SWS8nZZWLQQ23oE3Eam7aroEFGEvwKAsJfZ9ytiEMycfzXWpca4FA9QIOehf7PocBQ==}
    dev: false

  /esbuild-android-64/0.15.13:
    resolution: {integrity: sha512-yRorukXBlokwTip+Sy4MYskLhJsO0Kn0/Fj43s1krVblfwP+hMD37a4Wmg139GEsMLl+vh8WXp2mq/cTA9J97g==}
    engines: {node: '>=12'}
    cpu: [x64]
    os: [android]
    requiresBuild: true
    dev: true
    optional: true

  /esbuild-android-arm64/0.15.13:
    resolution: {integrity: sha512-TKzyymLD6PiVeyYa4c5wdPw87BeAiTXNtK6amWUcXZxkV51gOk5u5qzmDaYSwiWeecSNHamFsaFjLoi32QR5/w==}
    engines: {node: '>=12'}
    cpu: [arm64]
    os: [android]
    requiresBuild: true
    dev: true
    optional: true

  /esbuild-darwin-64/0.15.13:
    resolution: {integrity: sha512-WAx7c2DaOS6CrRcoYCgXgkXDliLnFv3pQLV6GeW1YcGEZq2Gnl8s9Pg7ahValZkpOa0iE/ojRVQ87sbUhF1Cbg==}
    engines: {node: '>=12'}
    cpu: [x64]
    os: [darwin]
    requiresBuild: true
    dev: true
    optional: true

  /esbuild-darwin-arm64/0.15.13:
    resolution: {integrity: sha512-U6jFsPfSSxC3V1CLiQqwvDuj3GGrtQNB3P3nNC3+q99EKf94UGpsG9l4CQ83zBs1NHrk1rtCSYT0+KfK5LsD8A==}
    engines: {node: '>=12'}
    cpu: [arm64]
    os: [darwin]
    requiresBuild: true
    dev: true
    optional: true

  /esbuild-freebsd-64/0.15.13:
    resolution: {integrity: sha512-whItJgDiOXaDG/idy75qqevIpZjnReZkMGCgQaBWZuKHoElDJC1rh7MpoUgupMcdfOd+PgdEwNQW9DAE6i8wyA==}
    engines: {node: '>=12'}
    cpu: [x64]
    os: [freebsd]
    requiresBuild: true
    dev: true
    optional: true

  /esbuild-freebsd-arm64/0.15.13:
    resolution: {integrity: sha512-6pCSWt8mLUbPtygv7cufV0sZLeylaMwS5Fznj6Rsx9G2AJJsAjQ9ifA+0rQEIg7DwJmi9it+WjzNTEAzzdoM3Q==}
    engines: {node: '>=12'}
    cpu: [arm64]
    os: [freebsd]
    requiresBuild: true
    dev: true
    optional: true

  /esbuild-linux-32/0.15.13:
    resolution: {integrity: sha512-VbZdWOEdrJiYApm2kkxoTOgsoCO1krBZ3quHdYk3g3ivWaMwNIVPIfEE0f0XQQ0u5pJtBsnk2/7OPiCFIPOe/w==}
    engines: {node: '>=12'}
    cpu: [ia32]
    os: [linux]
    requiresBuild: true
    dev: true
    optional: true

  /esbuild-linux-64/0.15.13:
    resolution: {integrity: sha512-rXmnArVNio6yANSqDQlIO4WiP+Cv7+9EuAHNnag7rByAqFVuRusLbGi2697A5dFPNXoO//IiogVwi3AdcfPC6A==}
    engines: {node: '>=12'}
    cpu: [x64]
    os: [linux]
    requiresBuild: true
    dev: true
    optional: true

  /esbuild-linux-arm/0.15.13:
    resolution: {integrity: sha512-Ac6LpfmJO8WhCMQmO253xX2IU2B3wPDbl4IvR0hnqcPrdfCaUa2j/lLMGTjmQ4W5JsJIdHEdW12dG8lFS0MbxQ==}
    engines: {node: '>=12'}
    cpu: [arm]
    os: [linux]
    requiresBuild: true
    dev: true
    optional: true

  /esbuild-linux-arm64/0.15.13:
    resolution: {integrity: sha512-alEMGU4Z+d17U7KQQw2IV8tQycO6T+rOrgW8OS22Ua25x6kHxoG6Ngry6Aq6uranC+pNWNMB6aHFPh7aTQdORQ==}
    engines: {node: '>=12'}
    cpu: [arm64]
    os: [linux]
    requiresBuild: true
    dev: true
    optional: true

  /esbuild-linux-mips64le/0.15.13:
    resolution: {integrity: sha512-47PgmyYEu+yN5rD/MbwS6DxP2FSGPo4Uxg5LwIdxTiyGC2XKwHhHyW7YYEDlSuXLQXEdTO7mYe8zQ74czP7W8A==}
    engines: {node: '>=12'}
    cpu: [mips64el]
    os: [linux]
    requiresBuild: true
    dev: true
    optional: true

  /esbuild-linux-ppc64le/0.15.13:
    resolution: {integrity: sha512-z6n28h2+PC1Ayle9DjKoBRcx/4cxHoOa2e689e2aDJSaKug3jXcQw7mM+GLg+9ydYoNzj8QxNL8ihOv/OnezhA==}
    engines: {node: '>=12'}
    cpu: [ppc64]
    os: [linux]
    requiresBuild: true
    dev: true
    optional: true

  /esbuild-linux-riscv64/0.15.13:
    resolution: {integrity: sha512-+Lu4zuuXuQhgLUGyZloWCqTslcCAjMZH1k3Xc9MSEJEpEFdpsSU0sRDXAnk18FKOfEjhu4YMGaykx9xjtpA6ow==}
    engines: {node: '>=12'}
    cpu: [riscv64]
    os: [linux]
    requiresBuild: true
    dev: true
    optional: true

  /esbuild-linux-s390x/0.15.13:
    resolution: {integrity: sha512-BMeXRljruf7J0TMxD5CIXS65y7puiZkAh+s4XFV9qy16SxOuMhxhVIXYLnbdfLrsYGFzx7U9mcdpFWkkvy/Uag==}
    engines: {node: '>=12'}
    cpu: [s390x]
    os: [linux]
    requiresBuild: true
    dev: true
    optional: true

  /esbuild-netbsd-64/0.15.13:
    resolution: {integrity: sha512-EHj9QZOTel581JPj7UO3xYbltFTYnHy+SIqJVq6yd3KkCrsHRbapiPb0Lx3EOOtybBEE9EyqbmfW1NlSDsSzvQ==}
    engines: {node: '>=12'}
    cpu: [x64]
    os: [netbsd]
    requiresBuild: true
    dev: true
    optional: true

  /esbuild-openbsd-64/0.15.13:
    resolution: {integrity: sha512-nkuDlIjF/sfUhfx8SKq0+U+Fgx5K9JcPq1mUodnxI0x4kBdCv46rOGWbuJ6eof2n3wdoCLccOoJAbg9ba/bT2w==}
    engines: {node: '>=12'}
    cpu: [x64]
    os: [openbsd]
    requiresBuild: true
    dev: true
    optional: true

  /esbuild-sunos-64/0.15.13:
    resolution: {integrity: sha512-jVeu2GfxZQ++6lRdY43CS0Tm/r4WuQQ0Pdsrxbw+aOrHQPHV0+LNOLnvbN28M7BSUGnJnHkHm2HozGgNGyeIRw==}
    engines: {node: '>=12'}
    cpu: [x64]
    os: [sunos]
    requiresBuild: true
    dev: true
    optional: true

  /esbuild-windows-32/0.15.13:
    resolution: {integrity: sha512-XoF2iBf0wnqo16SDq+aDGi/+QbaLFpkiRarPVssMh9KYbFNCqPLlGAWwDvxEVz+ywX6Si37J2AKm+AXq1kC0JA==}
    engines: {node: '>=12'}
    cpu: [ia32]
    os: [win32]
    requiresBuild: true
    dev: true
    optional: true

  /esbuild-windows-64/0.15.13:
    resolution: {integrity: sha512-Et6htEfGycjDrtqb2ng6nT+baesZPYQIW+HUEHK4D1ncggNrDNk3yoboYQ5KtiVrw/JaDMNttz8rrPubV/fvPQ==}
    engines: {node: '>=12'}
    cpu: [x64]
    os: [win32]
    requiresBuild: true
    dev: true
    optional: true

  /esbuild-windows-arm64/0.15.13:
    resolution: {integrity: sha512-3bv7tqntThQC9SWLRouMDmZnlOukBhOCTlkzNqzGCmrkCJI7io5LLjwJBOVY6kOUlIvdxbooNZwjtBvj+7uuVg==}
    engines: {node: '>=12'}
    cpu: [arm64]
    os: [win32]
    requiresBuild: true
    dev: true
    optional: true

  /esbuild/0.15.13:
    resolution: {integrity: sha512-Cu3SC84oyzzhrK/YyN4iEVy2jZu5t2fz66HEOShHURcjSkOSAVL8C/gfUT+lDJxkVHpg8GZ10DD0rMHRPqMFaQ==}
    engines: {node: '>=12'}
    hasBin: true
    requiresBuild: true
    optionalDependencies:
      '@esbuild/android-arm': 0.15.13
      '@esbuild/linux-loong64': 0.15.13
      esbuild-android-64: 0.15.13
      esbuild-android-arm64: 0.15.13
      esbuild-darwin-64: 0.15.13
      esbuild-darwin-arm64: 0.15.13
      esbuild-freebsd-64: 0.15.13
      esbuild-freebsd-arm64: 0.15.13
      esbuild-linux-32: 0.15.13
      esbuild-linux-64: 0.15.13
      esbuild-linux-arm: 0.15.13
      esbuild-linux-arm64: 0.15.13
      esbuild-linux-mips64le: 0.15.13
      esbuild-linux-ppc64le: 0.15.13
      esbuild-linux-riscv64: 0.15.13
      esbuild-linux-s390x: 0.15.13
      esbuild-netbsd-64: 0.15.13
      esbuild-openbsd-64: 0.15.13
      esbuild-sunos-64: 0.15.13
      esbuild-windows-32: 0.15.13
      esbuild-windows-64: 0.15.13
      esbuild-windows-arm64: 0.15.13
    dev: true

  /eventemitter3/4.0.7:
    resolution: {integrity: sha512-8guHBZCwKnFhYdHr2ysuRWErTwhoN2X8XELRlrRwpmfeY2jjuUN4taQMsULKUVo1K4DvZl+0pgfyoysHxvmvEw==}
    dev: false

  /fsevents/2.3.2:
    resolution: {integrity: sha512-xiqMQR4xAeHTuB9uWm+fFRcIOgKBMiOBP+eXiyT7jsgVCq1bkVygt00oASowB7EdtpOHaaPgKt812P9ab+DDKA==}
    engines: {node: ^8.16.0 || ^10.6.0 || >=11.0.0}
    os: [darwin]
    requiresBuild: true
    dev: true
    optional: true

  /function-bind/1.1.1:
    resolution: {integrity: sha512-yIovAzMX49sF8Yl58fSCWJ5svSLuaibPxXQJFLmBObTuCr0Mf1KiPopGM9NiFjiYBCbfaa2Fh6breQ6ANVTI0A==}
    dev: true

  /has/1.0.3:
    resolution: {integrity: sha512-f2dvO0VU6Oej7RkWJGrehjbzMAjFp5/VKPp5tTpWIV4JHHZK1/BxbFRtf/siA2SWTe09caDmVtYYzWEIbBS4zw==}
    engines: {node: '>= 0.4.0'}
    dependencies:
      function-bind: 1.1.1
    dev: true

  /is-core-module/2.11.0:
    resolution: {integrity: sha512-RRjxlvLDkD1YJwDbroBHMb+cukurkDWNyHx7D3oNB5x9rb5ogcksMC5wHCadcXoo67gVr/+3GFySh3134zi6rw==}
    dependencies:
      has: 1.0.3
    dev: true

  /nanoid/3.3.4:
    resolution: {integrity: sha512-MqBkQh/OHTS2egovRtLk45wEyNXwF+cokD+1YPf9u5VfJiRdAiRwB2froX5Co9Rh20xs4siNPm8naNotSD6RBw==}
    engines: {node: ^10 || ^12 || ^13.7 || ^14 || >=15.0.1}
    hasBin: true
    dev: true

  /path-parse/1.0.7:
    resolution: {integrity: sha512-LDJzPVEEEPR+y48z93A0Ed0yXb8pAByGWo/k5YYdYgpY2/2EsOsksJrq7lOHxryrVOn1ejG6oAp8ahvOIQD8sw==}
    dev: true

  /picocolors/1.0.0:
    resolution: {integrity: sha512-1fygroTLlHu66zi26VoTDv8yRgm0Fccecssto+MhsZ0D/DGW2sm8E8AjW7NU5VVTRt5GxbeZ5qBuJr+HyLYkjQ==}
    dev: true

  /pixi-viewport/4.37.0:
    resolution: {integrity: sha512-bF22o1WbWeQ3TTHnxh5MYPzjXiKAG2ezAV6rm1oaEbA66hZAAU6lCs7BgwmEBiZKgHNGko1bIJQUSe7cXWJVCw==}
    peerDependencies:
      '@pixi/display': ^6.5.7
      '@pixi/interaction': ^6.5.7
      '@pixi/math': ^6.5.7
      '@pixi/ticker': ^6.5.7
    dev: false

  /pixi.js/7.0.3:
    resolution: {integrity: sha512-zymWHDoWM73LJK+2gGH5j1YNiuSKx/sbEGxYT2lwETxf9zQDHVVaYVnlFNm52WcCg2v5nYp5e6AH+zpppJteqA==}
    dependencies:
      '@pixi/accessibility': 7.0.3
      '@pixi/app': 7.0.3
      '@pixi/assets': 7.0.3
      '@pixi/compressed-textures': 7.0.3
      '@pixi/core': 7.0.3
      '@pixi/display': 7.0.3
      '@pixi/events': 7.0.3
      '@pixi/extensions': 7.0.3
      '@pixi/extract': 7.0.3
      '@pixi/filter-alpha': 7.0.3
      '@pixi/filter-blur': 7.0.3
      '@pixi/filter-color-matrix': 7.0.3
      '@pixi/filter-displacement': 7.0.3
      '@pixi/filter-fxaa': 7.0.3
      '@pixi/filter-noise': 7.0.3
      '@pixi/graphics': 7.0.3
      '@pixi/mesh': 7.0.3
      '@pixi/mesh-extras': 7.0.3
      '@pixi/mixin-cache-as-bitmap': 7.0.3
      '@pixi/mixin-get-child-by-name': 7.0.3
      '@pixi/mixin-get-global-position': 7.0.3
      '@pixi/particle-container': 7.0.3
      '@pixi/prepare': 7.0.3
      '@pixi/sprite': 7.0.3
      '@pixi/sprite-animated': 7.0.3
      '@pixi/sprite-tiling': 7.0.3
      '@pixi/spritesheet': 7.0.3
      '@pixi/text': 7.0.3
      '@pixi/text-bitmap': 7.0.3
    dev: false

  /postcss/8.4.18:
    resolution: {integrity: sha512-Wi8mWhncLJm11GATDaQKobXSNEYGUHeQLiQqDFG1qQ5UTDPTEvKw0Xt5NsTpktGTwLps3ByrWsBrG0rB8YQ9oA==}
    engines: {node: ^10 || ^12 || >=14}
    dependencies:
      nanoid: 3.3.4
      picocolors: 1.0.0
      source-map-js: 1.0.2
    dev: true

  /punycode/1.3.2:
    resolution: {integrity: sha512-RofWgt/7fL5wP1Y7fxE7/EmTLzQVnB0ycyibJ0OOHIlJqTNzglYFxVwETOcIoJqJmpDXJ9xImDv+Fq34F/d4Dw==}
    dev: false

  /querystring/0.2.0:
    resolution: {integrity: sha512-X/xY82scca2tau62i9mDyU9K+I+djTMUsvwf7xnUX5GLvVzgJybOJf4Y6o9Zx3oJK/LSXg5tTZBjwzqVPaPO2g==}
    engines: {node: '>=0.4.x'}
    deprecated: The querystring API is considered Legacy. new code should use the URLSearchParams API instead.
    dev: false

  /resolve/1.22.1:
    resolution: {integrity: sha512-nBpuuYuY5jFsli/JIs1oldw6fOQCBioohqWZg/2hiaOybXOft4lonv85uDOKXdf8rhyK159cxU5cDcK/NKk8zw==}
    hasBin: true
    dependencies:
      is-core-module: 2.11.0
      path-parse: 1.0.7
      supports-preserve-symlinks-flag: 1.0.0
    dev: true

  /rollup/2.79.1:
    resolution: {integrity: sha512-uKxbd0IhMZOhjAiD5oAFp7BqvkA4Dv47qpOCtaNvng4HBwdbWtdOh8f5nZNuk2rp51PMGk3bzfWu5oayNEuYnw==}
    engines: {node: '>=10.0.0'}
    hasBin: true
    optionalDependencies:
      fsevents: 2.3.2
    dev: true

  /source-map-js/1.0.2:
    resolution: {integrity: sha512-R0XvVJ9WusLiqTCEiGCmICCMplcCkIwwR11mOSD9CR5u+IXYdiseeEuXCVAjS54zqwkLcPNnmU4OeJ6tUrWhDw==}
    engines: {node: '>=0.10.0'}
    dev: true

  /supports-preserve-symlinks-flag/1.0.0:
    resolution: {integrity: sha512-ot0WnXS9fgdkgIcePe6RHNk1WA8+muPa6cSjeR3V8K27q9BB1rTE3R1p7Hv0z1ZyAc8s6Vvv8DIyWf681MAt0w==}
    engines: {node: '>= 0.4'}
    dev: true

  /typescript/4.8.4:
    resolution: {integrity: sha512-QCh+85mCy+h0IGff8r5XWzOVSbBO+KfeYrMQh7NJ58QujwcE22u+NUSmUxqF+un70P9GXKxa2HCNiTTMJknyjQ==}
    engines: {node: '>=4.2.0'}
    hasBin: true
    dev: true

  /url/0.11.0:
    resolution: {integrity: sha512-kbailJa29QrtXnxgq+DdCEGlbTeYM2eJUxsz6vjZavrCYPMIFHMKQmSKYAIuUK2i7hgPm28a8piX5NTUtM/LKQ==}
    dependencies:
      punycode: 1.3.2
      querystring: 0.2.0
    dev: false

  /vite/3.2.3:
    resolution: {integrity: sha512-h8jl1TZ76eGs3o2dIBSsvXDLb1m/Ec1iej8ZMdz+PsaFUsftZeWe2CZOI3qogEsMNaywc17gu0q6cQDzh/weCQ==}
    engines: {node: ^14.18.0 || >=16.0.0}
    hasBin: true
    peerDependencies:
      '@types/node': '>= 14'
      less: '*'
      sass: '*'
      stylus: '*'
      sugarss: '*'
      terser: ^5.4.0
    peerDependenciesMeta:
      '@types/node':
        optional: true
      less:
        optional: true
      sass:
        optional: true
      stylus:
        optional: true
      sugarss:
        optional: true
      terser:
        optional: true
    dependencies:
      esbuild: 0.15.13
      postcss: 8.4.18
      resolve: 1.22.1
      rollup: 2.79.1
    optionalDependencies:
      fsevents: 2.3.2
    dev: true
